{
  "version": 4,
  "terraform_version": "1.12.1",
  "serial": 5,
  "lineage": "0f3fa948-efc8-7234-be83-993d1bae4bdb",
  "outputs": {
    "backend_url": {
      "value": "qhse-api-dev-amine.azurewebsites.net",
      "type": "string"
    }
  },
  "resources": [
    {
      "mode": "managed",
      "type": "azurerm_linux_web_app",
      "name": "backend",
      "provider": "provider[\"registry.terraform.io/hashicorp/azurerm\"]",
      "instances": [
        {
          "schema_version": 1,
          "attributes": {
            "app_settings": {
              "ASPNETCORE_ENVIRONMENT": "Production"
            },
            "auth_settings": [],
            "auth_settings_v2": [],
            "backup": [],
            "client_affinity_enabled": false,
            "client_certificate_enabled": false,
            "client_certificate_exclusion_paths": "",
            "client_certificate_mode": "Required",
            "connection_string": [],
            "custom_domain_verification_id": "D336D185CAE466671E1277DCEA767D83F382D99DE02429B763E5E6973603A0F8",
            "default_hostname": "qhse-api-dev-amine.azurewebsites.net",
            "enabled": true,
            "ftp_publish_basic_authentication_enabled": true,
            "hosting_environment_id": "",
            "https_only": true,
            "id": "/subscriptions/34afd030-a8cf-4893-a9be-9488ce218b96/resourceGroups/rg-qhse-ai-dev/providers/Microsoft.Web/sites/qhse-api-dev-amine",
            "identity": [],
            "key_vault_reference_identity_id": "SystemAssigned",
            "kind": "app,linux",
            "location": "francecentral",
            "logs": [],
            "name": "qhse-api-dev-amine",
            "outbound_ip_address_list": [
              "20.40.148.89",
              "20.40.148.122",
              "20.40.148.147",
              "20.40.148.153",
              "20.40.148.178",
              "20.40.148.184",
              "20.43.43.32"
            ],
            "outbound_ip_addresses": "20.40.148.89,20.40.148.122,20.40.148.147,20.40.148.153,20.40.148.178,20.40.148.184,20.43.43.32",
            "possible_outbound_ip_address_list": [
              "20.40.148.89",
              "20.40.148.122",
              "20.40.148.147",
              "20.40.148.153",
              "20.40.148.178",
              "20.40.148.184",
              "20.40.148.188",
              "20.40.148.201",
              "20.40.148.202",
              "20.40.148.207",
              "20.40.148.216",
              "20.40.148.220",
              "20.40.148.224",
              "20.40.148.227",
              "20.40.148.252",
              "20.40.149.13",
              "20.40.149.18",
              "20.40.149.32",
              "40.66.60.83",
              "40.66.61.60",
              "20.74.16.252",
              "20.74.17.94",
              "20.74.17.20",
              "20.74.17.129",
              "20.43.43.32"
            ],
            "possible_outbound_ip_addresses": "20.40.148.89,20.40.148.122,20.40.148.147,20.40.148.153,20.40.148.178,20.40.148.184,20.40.148.188,20.40.148.201,20.40.148.202,20.40.148.207,20.40.148.216,20.40.148.220,20.40.148.224,20.40.148.227,20.40.148.252,20.40.149.13,20.40.149.18,20.40.149.32,40.66.60.83,40.66.61.60,20.74.16.252,20.74.17.94,20.74.17.20,20.74.17.129,20.43.43.32",
            "public_network_access_enabled": true,
            "resource_group_name": "rg-qhse-ai-dev",
            "service_plan_id": "/subscriptions/34afd030-a8cf-4893-a9be-9488ce218b96/resourceGroups/rg-qhse-ai-dev/providers/Microsoft.Web/serverFarms/plan-qhse-ai-dev",
            "site_config": [
              {
                "always_on": true,
                "api_definition_url": "",
                "api_management_api_id": "",
                "app_command_line": "",
                "application_stack": [
                  {
                    "docker_image": "",
                    "docker_image_name": "",
                    "docker_image_tag": "",
                    "docker_registry_password": "",
                    "docker_registry_url": "",
                    "docker_registry_username": "",
                    "dotnet_version": "8.0",
                    "go_version": "",
                    "java_server": "",
                    "java_server_version": "",
                    "java_version": "",
                    "node_version": "",
                    "php_version": "",
                    "python_version": "",
                    "ruby_version": ""
                  }
                ],
                "auto_heal_enabled": false,
                "auto_heal_setting": [],
                "container_registry_managed_identity_client_id": "",
                "container_registry_use_managed_identity": false,
                "cors": [],
                "default_documents": [
                  "Default.htm",
                  "Default.html",
                  "Default.asp",
                  "index.htm",
                  "index.html",
                  "iisstart.htm",
                  "default.aspx",
                  "index.php",
                  "hostingstart.html"
                ],
                "detailed_error_logging_enabled": false,
                "ftps_state": "Disabled",
                "health_check_eviction_time_in_min": 0,
                "health_check_path": "",
                "http2_enabled": false,
                "ip_restriction": [],
                "ip_restriction_default_action": "Allow",
                "linux_fx_version": "DOTNETCORE|8.0",
                "load_balancing_mode": "LeastRequests",
                "local_mysql_enabled": false,
                "managed_pipeline_mode": "Integrated",
                "minimum_tls_version": "1.2",
                "remote_debugging_enabled": false,
                "remote_debugging_version": "VS2022",
                "scm_ip_restriction": [],
                "scm_ip_restriction_default_action": "Allow",
                "scm_minimum_tls_version": "1.2",
                "scm_type": "None",
                "scm_use_main_ip_restriction": false,
                "use_32_bit_worker": true,
                "vnet_route_all_enabled": false,
                "websockets_enabled": false,
                "worker_count": 1
              }
            ],
            "site_credential": [
              {
                "name": "$qhse-api-dev-amine",
                "password": "RlzHpchGRwHcYFgEEuky9id9bxZqlK5E70oCc7Fx2slPnlDzfoJltiNstrtc"
              }
            ],
            "sticky_settings": [],
            "storage_account": [],
            "tags": null,
            "timeouts": null,
            "virtual_network_subnet_id": "",
            "webdeploy_publish_basic_authentication_enabled": true,
            "zip_deploy_file": ""
          },
          "sensitive_attributes": [
            [
              {
                "type": "get_attr",
                "value": "custom_domain_verification_id"
              }
            ],
            [
              {
                "type": "get_attr",
                "value": "site_config"
              },
              {
                "type": "index",
                "value": {
                  "value": 0,
                  "type": "number"
                }
              },
              {
                "type": "get_attr",
                "value": "application_stack"
              },
              {
                "type": "index",
                "value": {
                  "value": 0,
                  "type": "number"
                }
              },
              {
                "type": "get_attr",
                "value": "docker_registry_password"
              }
            ],
            [
              {
                "type": "get_attr",
                "value": "site_credential"
              }
            ]
          ],
          "identity_schema_version": 0,
          "private": "eyJlMmJmYjczMC1lY2FhLTExZTYtOGY4OC0zNDM2M2JjN2M0YzAiOnsiY3JlYXRlIjoxODAwMDAwMDAwMDAwLCJkZWxldGUiOjE4MDAwMDAwMDAwMDAsInJlYWQiOjMwMDAwMDAwMDAwMCwidXBkYXRlIjoxODAwMDAwMDAwMDAwfSwic2NoZW1hX3ZlcnNpb24iOiIxIn0=",
          "dependencies": [
            "azurerm_resource_group.rg",
            "azurerm_service_plan.plan"
          ]
        }
      ]
    },
    {
      "mode": "managed",
      "type": "azurerm_resource_group",
      "name": "rg",
      "provider": "provider[\"registry.terraform.io/hashicorp/azurerm\"]",
      "instances": [
        {
          "schema_version": 0,
          "attributes": {
            "id": "/subscriptions/34afd030-a8cf-4893-a9be-9488ce218b96/resourceGroups/rg-qhse-ai-dev",
            "location": "francecentral",
            "managed_by": "",
            "name": "rg-qhse-ai-dev",
            "tags": null,
            "timeouts": null
          },
          "sensitive_attributes": [],
          "identity_schema_version": 0,
          "private": "eyJlMmJmYjczMC1lY2FhLTExZTYtOGY4OC0zNDM2M2JjN2M0YzAiOnsiY3JlYXRlIjo1NDAwMDAwMDAwMDAwLCJkZWxldGUiOjU0MDAwMDAwMDAwMDAsInJlYWQiOjMwMDAwMDAwMDAwMCwidXBkYXRlIjo1NDAwMDAwMDAwMDAwfX0="
        }
      ]
    },
    {
      "mode": "managed",
      "type": "azurerm_service_plan",
      "name": "plan",
      "provider": "provider[\"registry.terraform.io/hashicorp/azurerm\"]",
      "instances": [
        {
          "schema_version": 1,
          "attributes": {
            "app_service_environment_id": "",
            "id": "/subscriptions/34afd030-a8cf-4893-a9be-9488ce218b96/resourceGroups/rg-qhse-ai-dev/providers/Microsoft.Web/serverFarms/plan-qhse-ai-dev",
            "kind": "linux",
            "location": "francecentral",
            "maximum_elastic_worker_count": 1,
            "name": "plan-qhse-ai-dev",
            "os_type": "Linux",
            "per_site_scaling_enabled": false,
            "reserved": true,
            "resource_group_name": "rg-qhse-ai-dev",
            "sku_name": "B1",
            "tags": null,
            "timeouts": null,
            "worker_count": 1,
            "zone_balancing_enabled": false
          },
          "sensitive_attributes": [],
          "identity_schema_version": 0,
          "private": "eyJlMmJmYjczMC1lY2FhLTExZTYtOGY4OC0zNDM2M2JjN2M0YzAiOnsiY3JlYXRlIjozNjAwMDAwMDAwMDAwLCJkZWxldGUiOjM2MDAwMDAwMDAwMDAsInJlYWQiOjMwMDAwMDAwMDAwMCwidXBkYXRlIjozNjAwMDAwMDAwMDAwfSwic2NoZW1hX3ZlcnNpb24iOiIxIn0=",
          "dependencies": [
            "azurerm_resource_group.rg"
          ]
        }
      ]
    }
  ],
  "check_results": null
}
